PODS:
  - LibTorch (1.13.0.1):
    - LibTorch/Core (= 1.13.0.1)
  - LibTorch/Core (1.13.0.1):
    - LibTorch/Torch
  - LibTorch/Torch (1.13.0.1)

DEPENDENCIES:
  - LibTorch (~> 1.13.0)

SPEC REPOS:
  trunk:
    - LibTorch

SPEC CHECKSUMS:
  LibTorch: 8abfa5fc9d146230b31065a29b0502e1104956ea

PODFILE CHECKSUM: 1f78d7e5a2f045405b5e4f2f388407e1a62bb3a7

COCOAPODS: 1.12.0
