// !$*UTF8*$!
{
	archiveVersion = 1;
	classes = {
	};
	objectVersion = 56;
	objects = {

/* Begin PBXBuildFile section */
		9622FCB829BB9D06004F927A /* 00002__00000.jpg in Resources */ = {isa = PBXBuildFile; fileRef = 9622FCB729BB9D06004F927A /* 00002__00000.jpg */; };
		9622FCBA29BB9D8B004F927A /* VideoInputConstants.swift in Sources */ = {isa = PBXBuildFile; fileRef = 9622FCB929BB9D8B004F927A /* VideoInputConstants.swift */; };
		9622FCBC29CA2A95004F927A /* 00002__00000.json in Resources */ = {isa = PBXBuildFile; fileRef = 9622FCBB29CA2A95004F927A /* 00002__00000.json */; };
		9622FCDC29CB79EE004F927A /* kps.csv in Resources */ = {isa = PBXBuildFile; fileRef = 9622FCD429CB79ED004F927A /* kps.csv */; };
		9622FCDD29CB79EE004F927A /* leye3.csv in Resources */ = {isa = PBXBuildFile; fileRef = 9622FCD529CB79ED004F927A /* leye3.csv */; };
		9622FCDE29CB79EE004F927A /* reye1.csv in Resources */ = {isa = PBXBuildFile; fileRef = 9622FCD629CB79ED004F927A /* reye1.csv */; };
		9622FCDF29CB79EE004F927A /* reye2.csv in Resources */ = {isa = PBXBuildFile; fileRef = 9622FCD729CB79ED004F927A /* reye2.csv */; };
		9622FCE029CB79EE004F927A /* target.csv in Resources */ = {isa = PBXBuildFile; fileRef = 9622FCD829CB79ED004F927A /* target.csv */; };
		9622FCE129CB79EE004F927A /* leye1.csv in Resources */ = {isa = PBXBuildFile; fileRef = 9622FCD929CB79ED004F927A /* leye1.csv */; };
		9622FCE229CB79EE004F927A /* reye3.csv in Resources */ = {isa = PBXBuildFile; fileRef = 9622FCDA29CB79EE004F927A /* reye3.csv */; };
		9622FCE329CB79EE004F927A /* leye2.csv in Resources */ = {isa = PBXBuildFile; fileRef = 9622FCDB29CB79EE004F927A /* leye2.csv */; };
		9644C333299E9801007E9725 /* GazeTrackApp.swift in Sources */ = {isa = PBXBuildFile; fileRef = 9644C332299E9801007E9725 /* GazeTrackApp.swift */; };
		9644C335299E9801007E9725 /* ContentView.swift in Sources */ = {isa = PBXBuildFile; fileRef = 9644C334299E9801007E9725 /* ContentView.swift */; };
		9644C337299E9806007E9725 /* Assets.xcassets in Resources */ = {isa = PBXBuildFile; fileRef = 9644C336299E9806007E9725 /* Assets.xcassets */; };
		9644C33A299E9806007E9725 /* Preview Assets.xcassets in Resources */ = {isa = PBXBuildFile; fileRef = 9644C339299E9806007E9725 /* Preview Assets.xcassets */; };
		966349FD29D8B20B00A198EB /* JSONEncodableDataModel.swift in Sources */ = {isa = PBXBuildFile; fileRef = 966349FC29D8B20B00A198EB /* JSONEncodableDataModel.swift */; };
		966B950929AE978100B46864 /* CameraView.swift in Sources */ = {isa = PBXBuildFile; fileRef = 966B950829AE978100B46864 /* CameraView.swift */; };
		966B950B29AE979200B46864 /* CaptureSession.swift in Sources */ = {isa = PBXBuildFile; fileRef = 966B950A29AE979200B46864 /* CaptureSession.swift */; };
		966B950D29AE97A100B46864 /* FaceDetector.swift in Sources */ = {isa = PBXBuildFile; fileRef = 966B950C29AE97A100B46864 /* FaceDetector.swift */; };
		966B951129B1891F00B46864 /* SessionData.swift in Sources */ = {isa = PBXBuildFile; fileRef = 966B951029B1891F00B46864 /* SessionData.swift */; };
		96934B7229E99A1C0091132B /* Orientation.swift in Sources */ = {isa = PBXBuildFile; fileRef = 96934B7129E99A1C0091132B /* Orientation.swift */; };
		96934B7429F1F72E0091132B /* DotCalibrationView.swift in Sources */ = {isa = PBXBuildFile; fileRef = 96934B7329F1F72E0091132B /* DotCalibrationView.swift */; };
		96D3998D29BAE27400C32EBC /* model.pt in Resources */ = {isa = PBXBuildFile; fileRef = 96D3998C29BAE27400C32EBC /* model.pt */; };
		96D3999229BAE31900C32EBC /* TorchModule.mm in Sources */ = {isa = PBXBuildFile; fileRef = 96D3999129BAE31900C32EBC /* TorchModule.mm */; };
		FDB7A93627C3BE2C58541E85 /* libPods-GazeTrackApp.a in Frameworks */ = {isa = PBXBuildFile; fileRef = 6C9F988624F761248C159B35 /* libPods-GazeTrackApp.a */; };
/* End PBXBuildFile section */

/* Begin PBXCopyFilesBuildPhase section */
		9644C351299EAA45007E9725 /* Embed Frameworks */ = {
			isa = PBXCopyFilesBuildPhase;
			buildActionMask = 2147483647;
			dstPath = "";
			dstSubfolderSpec = 10;
			files = (
			);
			name = "Embed Frameworks";
			runOnlyForDeploymentPostprocessing = 0;
		};
/* End PBXCopyFilesBuildPhase section */

/* Begin PBXFileReference section */
		17BFB3F4F00EDA142ECD9833 /* Pods-GazeTrackApp.release.xcconfig */ = {isa = PBXFileReference; includeInIndex = 1; lastKnownFileType = text.xcconfig; name = "Pods-GazeTrackApp.release.xcconfig"; path = "Target Support Files/Pods-GazeTrackApp/Pods-GazeTrackApp.release.xcconfig"; sourceTree = "<group>"; };
		6C9F988624F761248C159B35 /* libPods-GazeTrackApp.a */ = {isa = PBXFileReference; explicitFileType = archive.ar; includeInIndex = 0; path = "libPods-GazeTrackApp.a"; sourceTree = BUILT_PRODUCTS_DIR; };
		91592B84BCF90DD4CF37C3DA /* Pods-GazeTrackApp.debug.xcconfig */ = {isa = PBXFileReference; includeInIndex = 1; lastKnownFileType = text.xcconfig; name = "Pods-GazeTrackApp.debug.xcconfig"; path = "Target Support Files/Pods-GazeTrackApp/Pods-GazeTrackApp.debug.xcconfig"; sourceTree = "<group>"; };
		9622FCB729BB9D06004F927A /* 00002__00000.jpg */ = {isa = PBXFileReference; lastKnownFileType = image.jpeg; path = 00002__00000.jpg; sourceTree = "<group>"; };
		9622FCB929BB9D8B004F927A /* VideoInputConstants.swift */ = {isa = PBXFileReference; lastKnownFileType = sourcecode.swift; path = VideoInputConstants.swift; sourceTree = "<group>"; };
		9622FCBB29CA2A95004F927A /* 00002__00000.json */ = {isa = PBXFileReference; fileEncoding = 4; lastKnownFileType = text.json; path = 00002__00000.json; sourceTree = "<group>"; };
		9622FCD429CB79ED004F927A /* kps.csv */ = {isa = PBXFileReference; fileEncoding = 4; lastKnownFileType = text; path = kps.csv; sourceTree = "<group>"; };
		9622FCD529CB79ED004F927A /* leye3.csv */ = {isa = PBXFileReference; fileEncoding = 4; lastKnownFileType = text; path = leye3.csv; sourceTree = "<group>"; };
		9622FCD629CB79ED004F927A /* reye1.csv */ = {isa = PBXFileReference; fileEncoding = 4; lastKnownFileType = text; path = reye1.csv; sourceTree = "<group>"; };
		9622FCD729CB79ED004F927A /* reye2.csv */ = {isa = PBXFileReference; fileEncoding = 4; lastKnownFileType = text; path = reye2.csv; sourceTree = "<group>"; };
		9622FCD829CB79ED004F927A /* target.csv */ = {isa = PBXFileReference; fileEncoding = 4; lastKnownFileType = text; path = target.csv; sourceTree = "<group>"; };
		9622FCD929CB79ED004F927A /* leye1.csv */ = {isa = PBXFileReference; fileEncoding = 4; lastKnownFileType = text; path = leye1.csv; sourceTree = "<group>"; };
		9622FCDA29CB79EE004F927A /* reye3.csv */ = {isa = PBXFileReference; fileEncoding = 4; lastKnownFileType = text; path = reye3.csv; sourceTree = "<group>"; };
		9622FCDB29CB79EE004F927A /* leye2.csv */ = {isa = PBXFileReference; fileEncoding = 4; lastKnownFileType = text; path = leye2.csv; sourceTree = "<group>"; };
		9644C32F299E9801007E9725 /* GazeTrackApp.app */ = {isa = PBXFileReference; explicitFileType = wrapper.application; includeInIndex = 0; path = GazeTrackApp.app; sourceTree = BUILT_PRODUCTS_DIR; };
		9644C332299E9801007E9725 /* GazeTrackApp.swift */ = {isa = PBXFileReference; lastKnownFileType = sourcecode.swift; path = GazeTrackApp.swift; sourceTree = "<group>"; };
		9644C334299E9801007E9725 /* ContentView.swift */ = {isa = PBXFileReference; lastKnownFileType = sourcecode.swift; path = ContentView.swift; sourceTree = "<group>"; };
		9644C336299E9806007E9725 /* Assets.xcassets */ = {isa = PBXFileReference; lastKnownFileType = folder.assetcatalog; path = Assets.xcassets; sourceTree = "<group>"; };
		9644C339299E9806007E9725 /* Preview Assets.xcassets */ = {isa = PBXFileReference; lastKnownFileType = folder.assetcatalog; path = "Preview Assets.xcassets"; sourceTree = "<group>"; };
		966349FC29D8B20B00A198EB /* JSONEncodableDataModel.swift */ = {isa = PBXFileReference; lastKnownFileType = sourcecode.swift; path = JSONEncodableDataModel.swift; sourceTree = "<group>"; };
		966B950829AE978100B46864 /* CameraView.swift */ = {isa = PBXFileReference; lastKnownFileType = sourcecode.swift; path = CameraView.swift; sourceTree = "<group>"; };
		966B950A29AE979200B46864 /* CaptureSession.swift */ = {isa = PBXFileReference; lastKnownFileType = sourcecode.swift; path = CaptureSession.swift; sourceTree = "<group>"; };
		966B950C29AE97A100B46864 /* FaceDetector.swift */ = {isa = PBXFileReference; lastKnownFileType = sourcecode.swift; path = FaceDetector.swift; sourceTree = "<group>"; };
		966B951029B1891F00B46864 /* SessionData.swift */ = {isa = PBXFileReference; lastKnownFileType = sourcecode.swift; path = SessionData.swift; sourceTree = "<group>"; };
		96934B7129E99A1C0091132B /* Orientation.swift */ = {isa = PBXFileReference; lastKnownFileType = sourcecode.swift; path = Orientation.swift; sourceTree = "<group>"; };
		96934B7329F1F72E0091132B /* DotCalibrationView.swift */ = {isa = PBXFileReference; lastKnownFileType = sourcecode.swift; path = DotCalibrationView.swift; sourceTree = "<group>"; };
		96D3998C29BAE27400C32EBC /* model.pt */ = {isa = PBXFileReference; lastKnownFileType = file; name = model.pt; path = GazeTrackApp/Model/model.pt; sourceTree = SOURCE_ROOT; };
		96D3998F29BAE2D500C32EBC /* TorchModule.h */ = {isa = PBXFileReference; lastKnownFileType = sourcecode.c.h; path = TorchModule.h; sourceTree = "<group>"; };
		96D3999029BAE31900C32EBC /* GazeTrackApp-Bridging-Header.h */ = {isa = PBXFileReference; lastKnownFileType = sourcecode.c.h; path = "GazeTrackApp-Bridging-Header.h"; sourceTree = "<group>"; };
		96D3999129BAE31900C32EBC /* TorchModule.mm */ = {isa = PBXFileReference; lastKnownFileType = sourcecode.cpp.objcpp; path = TorchModule.mm; sourceTree = "<group>"; };
/* End PBXFileReference section */

/* Begin PBXFrameworksBuildPhase section */
		9644C32C299E9801007E9725 /* Frameworks */ = {
			isa = PBXFrameworksBuildPhase;
			buildActionMask = 2147483647;
			files = (
				FDB7A93627C3BE2C58541E85 /* libPods-GazeTrackApp.a in Frameworks */,
			);
			runOnlyForDeploymentPostprocessing = 0;
		};
/* End PBXFrameworksBuildPhase section */

/* Begin PBXGroup section */
		224CD43B7862CDEB7F0318D4 /* Pods */ = {
			isa = PBXGroup;
			children = (
				91592B84BCF90DD4CF37C3DA /* Pods-GazeTrackApp.debug.xcconfig */,
				17BFB3F4F00EDA142ECD9833 /* Pods-GazeTrackApp.release.xcconfig */,
			);
			path = Pods;
			sourceTree = "<group>";
		};
		536CD3C990D08DB82C138D50 /* Frameworks */ = {
			isa = PBXGroup;
			children = (
				6C9F988624F761248C159B35 /* libPods-GazeTrackApp.a */,
			);
			name = Frameworks;
			sourceTree = "<group>";
		};
		9622FCB029BB921B004F927A /* Model */ = {
			isa = PBXGroup;
			children = (
				96D3998C29BAE27400C32EBC /* model.pt */,
			);
			path = Model;
			sourceTree = "<group>";
		};
		9622FCBD29CA6822004F927A /* DummyData */ = {
			isa = PBXGroup;
			children = (
				9622FCBB29CA2A95004F927A /* 00002__00000.json */,
				9622FCB729BB9D06004F927A /* 00002__00000.jpg */,
				9622FCD429CB79ED004F927A /* kps.csv */,
				9622FCD929CB79ED004F927A /* leye1.csv */,
				9622FCDB29CB79EE004F927A /* leye2.csv */,
				9622FCD529CB79ED004F927A /* leye3.csv */,
				9622FCD629CB79ED004F927A /* reye1.csv */,
				9622FCD729CB79ED004F927A /* reye2.csv */,
				9622FCDA29CB79EE004F927A /* reye3.csv */,
				9622FCD829CB79ED004F927A /* target.csv */,
			);
			path = DummyData;
			sourceTree = "<group>";
		};
		9644C326299E9801007E9725 = {
			isa = PBXGroup;
			children = (
				9644C331299E9801007E9725 /* GazeTrackApp */,
				9644C330299E9801007E9725 /* Products */,
				224CD43B7862CDEB7F0318D4 /* Pods */,
				536CD3C990D08DB82C138D50 /* Frameworks */,
			);
			sourceTree = "<group>";
		};
		9644C330299E9801007E9725 /* Products */ = {
			isa = PBXGroup;
			children = (
				9644C32F299E9801007E9725 /* GazeTrackApp.app */,
			);
			name = Products;
			sourceTree = "<group>";
		};
		9644C331299E9801007E9725 /* GazeTrackApp */ = {
			isa = PBXGroup;
			children = (
				9622FCBD29CA6822004F927A /* DummyData */,
				9622FCB029BB921B004F927A /* Model */,
				96D3998E29BAE28D00C32EBC /* TorchBridge */,
				96934B7129E99A1C0091132B /* Orientation.swift */,
				966B950C29AE97A100B46864 /* FaceDetector.swift */,
				966B950A29AE979200B46864 /* CaptureSession.swift */,
				96934B7329F1F72E0091132B /* DotCalibrationView.swift */,
				966B950829AE978100B46864 /* CameraView.swift */,
				9644C332299E9801007E9725 /* GazeTrackApp.swift */,
				9644C334299E9801007E9725 /* ContentView.swift */,
				9644C336299E9806007E9725 /* Assets.xcassets */,
				9644C338299E9806007E9725 /* Preview Content */,
				966B951029B1891F00B46864 /* SessionData.swift */,
				9622FCB929BB9D8B004F927A /* VideoInputConstants.swift */,
				966349FC29D8B20B00A198EB /* JSONEncodableDataModel.swift */,
			);
			path = GazeTrackApp;
			sourceTree = "<group>";
		};
		9644C338299E9806007E9725 /* Preview Content */ = {
			isa = PBXGroup;
			children = (
				9644C339299E9806007E9725 /* Preview Assets.xcassets */,
			);
			path = "Preview Content";
			sourceTree = "<group>";
		};
		96D3998E29BAE28D00C32EBC /* TorchBridge */ = {
			isa = PBXGroup;
			children = (
				96D3998F29BAE2D500C32EBC /* TorchModule.h */,
				96D3999129BAE31900C32EBC /* TorchModule.mm */,
				96D3999029BAE31900C32EBC /* GazeTrackApp-Bridging-Header.h */,
			);
			path = TorchBridge;
			sourceTree = "<group>";
		};
/* End PBXGroup section */

/* Begin PBXNativeTarget section */
		9644C32E299E9801007E9725 /* GazeTrackApp */ = {
			isa = PBXNativeTarget;
			buildConfigurationList = 9644C33D299E9806007E9725 /* Build configuration list for PBXNativeTarget "GazeTrackApp" */;
			buildPhases = (
				EDAF11D328C20702007545D4 /* [CP] Check Pods Manifest.lock */,
				9644C32B299E9801007E9725 /* Sources */,
				9644C32C299E9801007E9725 /* Frameworks */,
				9644C32D299E9801007E9725 /* Resources */,
				9644C351299EAA45007E9725 /* Embed Frameworks */,
			);
			buildRules = (
			);
			dependencies = (
			);
			name = GazeTrackApp;
			productName = GazeTrackApp;
			productReference = 9644C32F299E9801007E9725 /* GazeTrackApp.app */;
			productType = "com.apple.product-type.application";
		};
/* End PBXNativeTarget section */

/* Begin PBXProject section */
		9644C327299E9801007E9725 /* Project object */ = {
			isa = PBXProject;
			attributes = {
				BuildIndependentTargetsInParallel = 1;
				LastSwiftUpdateCheck = 1420;
				LastUpgradeCheck = 1420;
				TargetAttributes = {
					9644C32E299E9801007E9725 = {
						CreatedOnToolsVersion = 14.2;
						LastSwiftMigration = 1420;
					};
				};
			};
			buildConfigurationList = 9644C32A299E9801007E9725 /* Build configuration list for PBXProject "GazeTrackApp" */;
			compatibilityVersion = "Xcode 14.0";
			developmentRegion = en;
			hasScannedForEncodings = 0;
			knownRegions = (
				en,
				Base,
			);
			mainGroup = 9644C326299E9801007E9725;
			productRefGroup = 9644C330299E9801007E9725 /* Products */;
			projectDirPath = "";
			projectRoot = "";
			targets = (
				9644C32E299E9801007E9725 /* GazeTrackApp */,
			);
		};
/* End PBXProject section */

/* Begin PBXResourcesBuildPhase section */
		9644C32D299E9801007E9725 /* Resources */ = {
			isa = PBXResourcesBuildPhase;
			buildActionMask = 2147483647;
			files = (
				9622FCBC29CA2A95004F927A /* 00002__00000.json in Resources */,
				9622FCDF29CB79EE004F927A /* reye2.csv in Resources */,
				9622FCDE29CB79EE004F927A /* reye1.csv in Resources */,
				9644C33A299E9806007E9725 /* Preview Assets.xcassets in Resources */,
				9644C337299E9806007E9725 /* Assets.xcassets in Resources */,
				9622FCE329CB79EE004F927A /* leye2.csv in Resources */,
				9622FCDC29CB79EE004F927A /* kps.csv in Resources */,
				9622FCDD29CB79EE004F927A /* leye3.csv in Resources */,
				9622FCE229CB79EE004F927A /* reye3.csv in Resources */,
				9622FCE129CB79EE004F927A /* leye1.csv in Resources */,
				96D3998D29BAE27400C32EBC /* model.pt in Resources */,
				9622FCB829BB9D06004F927A /* 00002__00000.jpg in Resources */,
				9622FCE029CB79EE004F927A /* target.csv in Resources */,
			);
			runOnlyForDeploymentPostprocessing = 0;
		};
/* End PBXResourcesBuildPhase section */

/* Begin PBXShellScriptBuildPhase section */
		EDAF11D328C20702007545D4 /* [CP] Check Pods Manifest.lock */ = {
			isa = PBXShellScriptBuildPhase;
			buildActionMask = 2147483647;
			files = (
			);
			inputFileListPaths = (
			);
			inputPaths = (
				"${PODS_PODFILE_DIR_PATH}/Podfile.lock",
				"${PODS_ROOT}/Manifest.lock",
			);
			name = "[CP] Check Pods Manifest.lock";
			outputFileListPaths = (
			);
			outputPaths = (
				"$(DERIVED_FILE_DIR)/Pods-GazeTrackApp-checkManifestLockResult.txt",
			);
			runOnlyForDeploymentPostprocessing = 0;
			shellPath = /bin/sh;
			shellScript = "diff \"${PODS_PODFILE_DIR_PATH}/Podfile.lock\" \"${PODS_ROOT}/Manifest.lock\" > /dev/null\nif [ $? != 0 ] ; then\n    # print error to STDERR\n    echo \"error: The sandbox is not in sync with the Podfile.lock. Run 'pod install' or update your CocoaPods installation.\" >&2\n    exit 1\nfi\n# This output is used by Xcode 'outputs' to avoid re-running this script phase.\necho \"SUCCESS\" > \"${SCRIPT_OUTPUT_FILE_0}\"\n";
			showEnvVarsInLog = 0;
		};
/* End PBXShellScriptBuildPhase section */

/* Begin PBXSourcesBuildPhase section */
		9644C32B299E9801007E9725 /* Sources */ = {
			isa = PBXSourcesBuildPhase;
			buildActionMask = 2147483647;
			files = (
				966349FD29D8B20B00A198EB /* JSONEncodableDataModel.swift in Sources */,
				966B950D29AE97A100B46864 /* FaceDetector.swift in Sources */,
				9644C335299E9801007E9725 /* ContentView.swift in Sources */,
				9644C333299E9801007E9725 /* GazeTrackApp.swift in Sources */,
				966B951129B1891F00B46864 /* SessionData.swift in Sources */,
				966B950929AE978100B46864 /* CameraView.swift in Sources */,
				96D3999229BAE31900C32EBC /* TorchModule.mm in Sources */,
				9622FCBA29BB9D8B004F927A /* VideoInputConstants.swift in Sources */,
				96934B7429F1F72E0091132B /* DotCalibrationView.swift in Sources */,
				96934B7229E99A1C0091132B /* Orientation.swift in Sources */,
				966B950B29AE979200B46864 /* CaptureSession.swift in Sources */,
			);
			runOnlyForDeploymentPostprocessing = 0;
		};
/* End PBXSourcesBuildPhase section */

/* Begin XCBuildConfiguration section */
		9644C33B299E9806007E9725 /* Debug */ = {
			isa = XCBuildConfiguration;
			buildSettings = {
				ALWAYS_SEARCH_USER_PATHS = NO;
				CLANG_ANALYZER_NONNULL = YES;
				CLANG_ANALYZER_NUMBER_OBJECT_CONVERSION = YES_AGGRESSIVE;
				CLANG_CXX_LANGUAGE_STANDARD = "gnu++20";
				CLANG_ENABLE_MODULES = YES;
				CLANG_ENABLE_OBJC_ARC = YES;
				CLANG_ENABLE_OBJC_WEAK = YES;
				CLANG_WARN_BLOCK_CAPTURE_AUTORELEASING = YES;
				CLANG_WARN_BOOL_CONVERSION = YES;
				CLANG_WARN_COMMA = YES;
				CLANG_WARN_CONSTANT_CONVERSION = YES;
				CLANG_WARN_DEPRECATED_OBJC_IMPLEMENTATIONS = YES;
				CLANG_WARN_DIRECT_OBJC_ISA_USAGE = YES_ERROR;
				CLANG_WARN_DOCUMENTATION_COMMENTS = YES;
				CLANG_WARN_EMPTY_BODY = YES;
				CLANG_WARN_ENUM_CONVERSION = YES;
				CLANG_WARN_INFINITE_RECURSION = YES;
				CLANG_WARN_INT_CONVERSION = YES;
				CLANG_WARN_NON_LITERAL_NULL_CONVERSION = YES;
				CLANG_WARN_OBJC_IMPLICIT_RETAIN_SELF = YES;
				CLANG_WARN_OBJC_LITERAL_CONVERSION = YES;
				CLANG_WARN_OBJC_ROOT_CLASS = YES_ERROR;
				CLANG_WARN_QUOTED_INCLUDE_IN_FRAMEWORK_HEADER = YES;
				CLANG_WARN_RANGE_LOOP_ANALYSIS = YES;
				CLANG_WARN_STRICT_PROTOTYPES = YES;
				CLANG_WARN_SUSPICIOUS_MOVE = YES;
				CLANG_WARN_UNGUARDED_AVAILABILITY = YES_AGGRESSIVE;
				CLANG_WARN_UNREACHABLE_CODE = YES;
				CLANG_WARN__DUPLICATE_METHOD_MATCH = YES;
				COPY_PHASE_STRIP = NO;
				DEBUG_INFORMATION_FORMAT = dwarf;
				ENABLE_STRICT_OBJC_MSGSEND = YES;
				ENABLE_TESTABILITY = YES;
				GCC_C_LANGUAGE_STANDARD = gnu11;
				GCC_DYNAMIC_NO_PIC = NO;
				GCC_NO_COMMON_BLOCKS = YES;
				GCC_OPTIMIZATION_LEVEL = 0;
				GCC_PREPROCESSOR_DEFINITIONS = (
					"DEBUG=1",
					"$(inherited)",
				);
				GCC_WARN_64_TO_32_BIT_CONVERSION = YES;
				GCC_WARN_ABOUT_RETURN_TYPE = YES_ERROR;
				GCC_WARN_UNDECLARED_SELECTOR = YES;
				GCC_WARN_UNINITIALIZED_AUTOS = YES_AGGRESSIVE;
				GCC_WARN_UNUSED_FUNCTION = YES;
				GCC_WARN_UNUSED_VARIABLE = YES;
				IPHONEOS_DEPLOYMENT_TARGET = 16.2;
				MTL_ENABLE_DEBUG_INFO = INCLUDE_SOURCE;
				MTL_FAST_MATH = YES;
				ONLY_ACTIVE_ARCH = YES;
				SDKROOT = iphoneos;
				SWIFT_ACTIVE_COMPILATION_CONDITIONS = DEBUG;
				SWIFT_OPTIMIZATION_LEVEL = "-Onone";
			};
			name = Debug;
		};
		9644C33C299E9806007E9725 /* Release */ = {
			isa = XCBuildConfiguration;
			buildSettings = {
				ALWAYS_SEARCH_USER_PATHS = NO;
				CLANG_ANALYZER_NONNULL = YES;
				CLANG_ANALYZER_NUMBER_OBJECT_CONVERSION = YES_AGGRESSIVE;
				CLANG_CXX_LANGUAGE_STANDARD = "gnu++20";
				CLANG_ENABLE_MODULES = YES;
				CLANG_ENABLE_OBJC_ARC = YES;
				CLANG_ENABLE_OBJC_WEAK = YES;
				CLANG_WARN_BLOCK_CAPTURE_AUTORELEASING = YES;
				CLANG_WARN_BOOL_CONVERSION = YES;
				CLANG_WARN_COMMA = YES;
				CLANG_WARN_CONSTANT_CONVERSION = YES;
				CLANG_WARN_DEPRECATED_OBJC_IMPLEMENTATIONS = YES;
				CLANG_WARN_DIRECT_OBJC_ISA_USAGE = YES_ERROR;
				CLANG_WARN_DOCUMENTATION_COMMENTS = YES;
				CLANG_WARN_EMPTY_BODY = YES;
				CLANG_WARN_ENUM_CONVERSION = YES;
				CLANG_WARN_INFINITE_RECURSION = YES;
				CLANG_WARN_INT_CONVERSION = YES;
				CLANG_WARN_NON_LITERAL_NULL_CONVERSION = YES;
				CLANG_WARN_OBJC_IMPLICIT_RETAIN_SELF = YES;
				CLANG_WARN_OBJC_LITERAL_CONVERSION = YES;
				CLANG_WARN_OBJC_ROOT_CLASS = YES_ERROR;
				CLANG_WARN_QUOTED_INCLUDE_IN_FRAMEWORK_HEADER = YES;
				CLANG_WARN_RANGE_LOOP_ANALYSIS = YES;
				CLANG_WARN_STRICT_PROTOTYPES = YES;
				CLANG_WARN_SUSPICIOUS_MOVE = YES;
				CLANG_WARN_UNGUARDED_AVAILABILITY = YES_AGGRESSIVE;
				CLANG_WARN_UNREACHABLE_CODE = YES;
				CLANG_WARN__DUPLICATE_METHOD_MATCH = YES;
				COPY_PHASE_STRIP = NO;
				DEBUG_INFORMATION_FORMAT = "dwarf-with-dsym";
				ENABLE_NS_ASSERTIONS = NO;
				ENABLE_STRICT_OBJC_MSGSEND = YES;
				GCC_C_LANGUAGE_STANDARD = gnu11;
				GCC_NO_COMMON_BLOCKS = YES;
				GCC_WARN_64_TO_32_BIT_CONVERSION = YES;
				GCC_WARN_ABOUT_RETURN_TYPE = YES_ERROR;
				GCC_WARN_UNDECLARED_SELECTOR = YES;
				GCC_WARN_UNINITIALIZED_AUTOS = YES_AGGRESSIVE;
				GCC_WARN_UNUSED_FUNCTION = YES;
				GCC_WARN_UNUSED_VARIABLE = YES;
				IPHONEOS_DEPLOYMENT_TARGET = 16.2;
				MTL_ENABLE_DEBUG_INFO = NO;
				MTL_FAST_MATH = YES;
				SDKROOT = iphoneos;
				SWIFT_COMPILATION_MODE = wholemodule;
				SWIFT_OPTIMIZATION_LEVEL = "-O";
				VALIDATE_PRODUCT = YES;
			};
			name = Release;
		};
		9644C33E299E9806007E9725 /* Debug */ = {
			isa = XCBuildConfiguration;
			baseConfigurationReference = 91592B84BCF90DD4CF37C3DA /* Pods-GazeTrackApp.debug.xcconfig */;
			buildSettings = {
				ASSETCATALOG_COMPILER_APPICON_NAME = AppIcon;
				ASSETCATALOG_COMPILER_GLOBAL_ACCENT_COLOR_NAME = AccentColor;
				CLANG_ENABLE_MODULES = YES;
				CODE_SIGN_STYLE = Automatic;
				CURRENT_PROJECT_VERSION = 1;
				DEVELOPMENT_ASSET_PATHS = "\"GazeTrackApp/Preview Content\"";
				DEVELOPMENT_TEAM = LJF9B77S4D;
				ENABLE_PREVIEWS = YES;
				FRAMEWORK_SEARCH_PATHS = (
					"$(inherited)",
					"$(PROJECT_DIR)",
				);
				GENERATE_INFOPLIST_FILE = YES;
				INFOPLIST_KEY_NSCameraUsageDescription = "Camera feed to detect face & eyes";
				INFOPLIST_KEY_UIApplicationSceneManifest_Generation = YES;
				INFOPLIST_KEY_UIApplicationSupportsIndirectInputEvents = YES;
				INFOPLIST_KEY_UILaunchScreen_Generation = YES;
				INFOPLIST_KEY_UISupportedInterfaceOrientations_iPad = "UIInterfaceOrientationPortrait UIInterfaceOrientationPortraitUpsideDown UIInterfaceOrientationLandscapeLeft UIInterfaceOrientationLandscapeRight";
				INFOPLIST_KEY_UISupportedInterfaceOrientations_iPhone = "UIInterfaceOrientationPortrait UIInterfaceOrientationLandscapeLeft UIInterfaceOrientationLandscapeRight";
				IPHONEOS_DEPLOYMENT_TARGET = 16.0;
				LD_RUNPATH_SEARCH_PATHS = (
					"$(inherited)",
					"@executable_path/Frameworks",
				);
				MARKETING_VERSION = 1.0;
				PRODUCT_BUNDLE_IDENTIFIER = com.example.GazeTrackApp;
				PRODUCT_NAME = "$(TARGET_NAME)";
				SWIFT_EMIT_LOC_STRINGS = YES;
				SWIFT_OBJC_BRIDGING_HEADER = "GazeTrackApp/TorchBridge/GazeTrackApp-Bridging-Header.h";
				SWIFT_OPTIMIZATION_LEVEL = "-Onone";
				SWIFT_VERSION = 5.0;
				TARGETED_DEVICE_FAMILY = "1,2";
			};
			name = Debug;
		};
		9644C33F299E9806007E9725 /* Release */ = {
			isa = XCBuildConfiguration;
			baseConfigurationReference = 17BFB3F4F00EDA142ECD9833 /* Pods-GazeTrackApp.release.xcconfig */;
			buildSettings = {
				ASSETCATALOG_COMPILER_APPICON_NAME = AppIcon;
				ASSETCATALOG_COMPILER_GLOBAL_ACCENT_COLOR_NAME = AccentColor;
				CLANG_ENABLE_MODULES = YES;
				CODE_SIGN_STYLE = Automatic;
				CURRENT_PROJECT_VERSION = 1;
				DEVELOPMENT_ASSET_PATHS = "\"GazeTrackApp/Preview Content\"";
				DEVELOPMENT_TEAM = LJF9B77S4D;
				ENABLE_PREVIEWS = YES;
				FRAMEWORK_SEARCH_PATHS = (
					"$(inherited)",
					"$(PROJECT_DIR)",
				);
				GENERATE_INFOPLIST_FILE = YES;
				INFOPLIST_KEY_NSCameraUsageDescription = "Camera feed to detect face & eyes";
				INFOPLIST_KEY_UIApplicationSceneManifest_Generation = YES;
				INFOPLIST_KEY_UIApplicationSupportsIndirectInputEvents = YES;
				INFOPLIST_KEY_UILaunchScreen_Generation = YES;
				INFOPLIST_KEY_UISupportedInterfaceOrientations_iPad = "UIInterfaceOrientationPortrait UIInterfaceOrientationPortraitUpsideDown UIInterfaceOrientationLandscapeLeft UIInterfaceOrientationLandscapeRight";
				INFOPLIST_KEY_UISupportedInterfaceOrientations_iPhone = "UIInterfaceOrientationPortrait UIInterfaceOrientationLandscapeLeft UIInterfaceOrientationLandscapeRight";
				IPHONEOS_DEPLOYMENT_TARGET = 16.0;
				LD_RUNPATH_SEARCH_PATHS = (
					"$(inherited)",
					"@executable_path/Frameworks",
				);
				MARKETING_VERSION = 1.0;
				PRODUCT_BUNDLE_IDENTIFIER = com.example.GazeTrackApp;
				PRODUCT_NAME = "$(TARGET_NAME)";
				SWIFT_EMIT_LOC_STRINGS = YES;
				SWIFT_OBJC_BRIDGING_HEADER = "GazeTrackApp/TorchBridge/GazeTrackApp-Bridging-Header.h";
				SWIFT_VERSION = 5.0;
				TARGETED_DEVICE_FAMILY = "1,2";
			};
			name = Release;
		};
/* End XCBuildConfiguration section */

/* Begin XCConfigurationList section */
		9644C32A299E9801007E9725 /* Build configuration list for PBXProject "GazeTrackApp" */ = {
			isa = XCConfigurationList;
			buildConfigurations = (
				9644C33B299E9806007E9725 /* Debug */,
				9644C33C299E9806007E9725 /* Release */,
			);
			defaultConfigurationIsVisible = 0;
			defaultConfigurationName = Release;
		};
		9644C33D299E9806007E9725 /* Build configuration list for PBXNativeTarget "GazeTrackApp" */ = {
			isa = XCConfigurationList;
			buildConfigurations = (
				9644C33E299E9806007E9725 /* Debug */,
				9644C33F299E9806007E9725 /* Release */,
			);
			defaultConfigurationIsVisible = 0;
			defaultConfigurationName = Release;
		};
/* End XCConfigurationList section */
	};
	rootObject = 9644C327299E9801007E9725 /* Project object */;
}
